
Microsoft Visual Studio Solution File, Format Version 12.00
# Visual Studio Version 16
VisualStudioVersion = 16.0.32002.261
MinimumVisualStudioVersion = 10.0.40219.1
Project("{FAE04EC0-301F-11D3-BF4B-00C04F79EFBC}") = "BlogProject_UI", "BlogProject_UI\BlogProject_UI.csproj", "{AF71D0E9-F1A2-4A12-BBC0-8684A0844471}"
EndProject
Project("{FAE04EC0-301F-11D3-BF4B-00C04F79EFBC}") = "BlogProject_EntityLayer", "BlogProject_EntityLayer\BlogProject_EntityLayer.csproj", "{D3FE92A9-0788-409A-81E9-3EBA9B49D55D}"
EndProject
Project("{FAE04EC0-301F-11D3-BF4B-00C04F79EFBC}") = "BlogProject_DataAccessLayer", "BlogProject_DataAccessLayer\BlogProject_DataAccessLayer.csproj", "{40DB75C2-7963-4D63-96AC-81B3DE07C9B9}"
EndProject
Project("{FAE04EC0-301F-11D3-BF4B-00C04F79EFBC}") = "BlogProject_BusinessLayer", "BlogProject_BusinessLayer\BlogProject_BusinessLayer.csproj", "{D35A3727-8FD1-4795-834B-8DB05D07A85C}"
EndProject
Project("{FAE04EC0-301F-11D3-BF4B-00C04F79EFBC}") = "BlogProject_CoreLayer", "BlogProject_CoreLayer\BlogProject_CoreLayer.csproj", "{97031995-24C4-4D80-8C7F-A23AE2616F90}"
EndProject
Global
	GlobalSection(SolutionConfigurationPlatforms) = preSolution
		Debug|Any CPU = Debug|Any CPU
		Release|Any CPU = Release|Any CPU
	EndGlobalSection
	GlobalSection(ProjectConfigurationPlatforms) = postSolution
		{AF71D0E9-F1A2-4A12-BBC0-8684A0844471}.Debug|Any CPU.ActiveCfg = Debug|Any CPU
		{AF71D0E9-F1A2-4A12-BBC0-8684A0844471}.Debug|Any CPU.Build.0 = Debug|Any CPU
		{AF71D0E9-F1A2-4A12-BBC0-8684A0844471}.Release|Any CPU.ActiveCfg = Release|Any CPU
		{AF71D0E9-F1A2-4A12-BBC0-8684A0844471}.Release|Any CPU.Build.0 = Release|Any CPU
		{D3FE92A9-0788-409A-81E9-3EBA9B49D55D}.Debug|Any CPU.ActiveCfg = Debug|Any CPU
		{D3FE92A9-0788-409A-81E9-3EBA9B49D55D}.Debug|Any CPU.Build.0 = Debug|Any CPU
		{D3FE92A9-0788-409A-81E9-3EBA9B49D55D}.Release|Any CPU.ActiveCfg = Release|Any CPU
		{D3FE92A9-0788-409A-81E9-3EBA9B49D55D}.Release|Any CPU.Build.0 = Release|Any CPU
		{40DB75C2-7963-4D63-96AC-81B3DE07C9B9}.Debug|Any CPU.ActiveCfg = Debug|Any CPU
		{40DB75C2-7963-4D63-96AC-81B3DE07C9B9}.Debug|Any CPU.Build.0 = Debug|Any CPU
		{40DB75C2-7963-4D63-96AC-81B3DE07C9B9}.Release|Any CPU.ActiveCfg = Release|Any CPU
		{40DB75C2-7963-4D63-96AC-81B3DE07C9B9}.Release|Any CPU.Build.0 = Release|Any CPU
		{D35A3727-8FD1-4795-834B-8DB05D07A85C}.Debug|Any CPU.ActiveCfg = Debug|Any CPU
		{D35A3727-8FD1-4795-834B-8DB05D07A85C}.Debug|Any CPU.Build.0 = Debug|Any CPU
		{D35A3727-8FD1-4795-834B-8DB05D07A85C}.Release|Any CPU.ActiveCfg = Release|Any CPU
		{D35A3727-8FD1-4795-834B-8DB05D07A85C}.Release|Any CPU.Build.0 = Release|Any CPU
		{97031995-24C4-4D80-8C7F-A23AE2616F90}.Debug|Any CPU.ActiveCfg = Debug|Any CPU
		{97031995-24C4-4D80-8C7F-A23AE2616F90}.Debug|Any CPU.Build.0 = Debug|Any CPU
		{97031995-24C4-4D80-8C7F-A23AE2616F90}.Release|Any CPU.ActiveCfg = Release|Any CPU
		{97031995-24C4-4D80-8C7F-A23AE2616F90}.Release|Any CPU.Build.0 = Release|Any CPU
	EndGlobalSection
	GlobalSection(SolutionProperties) = preSolution
		HideSolutionNode = FALSE
	EndGlobalSection
	GlobalSection(ExtensibilityGlobals) = postSolution
		SolutionGuid = {B7C5CEF0-A053-4699-9F93-25977166A05D}
	EndGlobalSection
EndGlobal
